
Microsoft Visual Studio Solution File, Format Version 12.00
# Visual Studio Version 17
VisualStudioVersion = 17.5.002.0
MinimumVisualStudioVersion = 10.0.40219.1
Project("{9A19103F-16F7-4668-BE54-9A1E7A4F7556}") = "WSEGD23", "WSEGD23.csproj", "{87CB7235-D815-447F-A579-122C39918F6B}"
EndProject
Global
	GlobalSection(SolutionConfigurationPlatforms) = preSolution
		Debug|Any CPU = Debug|Any CPU
		Release|Any CPU = Release|Any CPU
	EndGlobalSection
	GlobalSection(ProjectConfigurationPlatforms) = postSolution
		{87CB7235-D815-447F-A579-122C39918F6B}.Debug|Any CPU.ActiveCfg = Debug|Any CPU
		{87CB7235-D815-447F-A579-122C39918F6B}.Debug|Any CPU.Build.0 = Debug|Any CPU
		{87CB7235-D815-447F-A579-122C39918F6B}.Release|Any CPU.ActiveCfg = Release|Any CPU
		{87CB7235-D815-447F-A579-122C39918F6B}.Release|Any CPU.Build.0 = Release|Any CPU
	EndGlobalSection
	GlobalSection(SolutionProperties) = preSolution
		HideSolutionNode = FALSE
	EndGlobalSection
	GlobalSection(ExtensibilityGlobals) = postSolution
		SolutionGuid = {C8A918E5-C1FB-4021-A0E3-6C954AA4B255}
	EndGlobalSection
EndGlobal
